// !$*UTF8*$!
{
	archiveVersion = 1;
	classes = {
	};
	objectVersion = 50;
	objects = {

/* Begin PBXBuildFile section */
		3C018ECF22E70BE2006E22DA /* BilliardsPath.swift in Sources */ = {isa = PBXBuildFile; fileRef = 3C018ECE22E70BE2006E22DA /* BilliardsPath.swift */; };
		3C6FD95222E8335200DA3CAD /* BilliardsDemoTests.swift in Sources */ = {isa = PBXBuildFile; fileRef = 3C6FD95122E8335200DA3CAD /* BilliardsDemoTests.swift */; };
		3CAE19C122E5A40E00D80736 /* AppDelegate.swift in Sources */ = {isa = PBXBuildFile; fileRef = 3CAE19C022E5A40E00D80736 /* AppDelegate.swift */; };
		3CAE19C322E5A40E00D80736 /* ViewController.swift in Sources */ = {isa = PBXBuildFile; fileRef = 3CAE19C222E5A40E00D80736 /* ViewController.swift */; };
		3CAE19C622E5A40E00D80736 /* Main.storyboard in Resources */ = {isa = PBXBuildFile; fileRef = 3CAE19C422E5A40E00D80736 /* Main.storyboard */; };
		3CAE19C822E5A41000D80736 /* Assets.xcassets in Resources */ = {isa = PBXBuildFile; fileRef = 3CAE19C722E5A41000D80736 /* Assets.xcassets */; };
		3CAE19CB22E5A41000D80736 /* LaunchScreen.storyboard in Resources */ = {isa = PBXBuildFile; fileRef = 3CAE19C922E5A41000D80736 /* LaunchScreen.storyboard */; };
		3CAE19D322E5A9A100D80736 /* BilliardsTimeFunc.swift in Sources */ = {isa = PBXBuildFile; fileRef = 3CAE19D222E5A9A100D80736 /* BilliardsTimeFunc.swift */; };
/* End PBXBuildFile section */

/* Begin PBXContainerItemProxy section */
		3C6FD95422E8335200DA3CAD /* PBXContainerItemProxy */ = {
			isa = PBXContainerItemProxy;
			containerPortal = 3CAE19B522E5A40E00D80736 /* Project object */;
			proxyType = 1;
			remoteGlobalIDString = 3CAE19BC22E5A40E00D80736;
			remoteInfo = BilliardsDemo;
		};
/* End PBXContainerItemProxy section */

/* Begin PBXFileReference section */
		3C018ECE22E70BE2006E22DA /* BilliardsPath.swift */ = {isa = PBXFileReference; lastKnownFileType = sourcecode.swift; path = BilliardsPath.swift; sourceTree = "<group>"; };
		3C6FD94F22E8335200DA3CAD /* BilliardsDemoTests.xctest */ = {isa = PBXFileReference; explicitFileType = wrapper.cfbundle; includeInIndex = 0; path = BilliardsDemoTests.xctest; sourceTree = BUILT_PRODUCTS_DIR; };
		3C6FD95122E8335200DA3CAD /* BilliardsDemoTests.swift */ = {isa = PBXFileReference; lastKnownFileType = sourcecode.swift; path = BilliardsDemoTests.swift; sourceTree = "<group>"; };
		3C6FD95322E8335200DA3CAD /* Info.plist */ = {isa = PBXFileReference; lastKnownFileType = text.plist.xml; path = Info.plist; sourceTree = "<group>"; };
		3CAE19BD22E5A40E00D80736 /* BilliardsDemo.app */ = {isa = PBXFileReference; explicitFileType = wrapper.application; includeInIndex = 0; path = BilliardsDemo.app; sourceTree = BUILT_PRODUCTS_DIR; };
		3CAE19C022E5A40E00D80736 /* AppDelegate.swift */ = {isa = PBXFileReference; lastKnownFileType = sourcecode.swift; path = AppDelegate.swift; sourceTree = "<group>"; };
		3CAE19C222E5A40E00D80736 /* ViewController.swift */ = {isa = PBXFileReference; lastKnownFileType = sourcecode.swift; path = ViewController.swift; sourceTree = "<group>"; };
		3CAE19C522E5A40E00D80736 /* Base */ = {isa = PBXFileReference; lastKnownFileType = file.storyboard; name = Base; path = Base.lproj/Main.storyboard; sourceTree = "<group>"; };
		3CAE19C722E5A41000D80736 /* Assets.xcassets */ = {isa = PBXFileReference; lastKnownFileType = folder.assetcatalog; path = Assets.xcassets; sourceTree = "<group>"; };
		3CAE19CA22E5A41000D80736 /* Base */ = {isa = PBXFileReference; lastKnownFileType = file.storyboard; name = Base; path = Base.lproj/LaunchScreen.storyboard; sourceTree = "<group>"; };
		3CAE19CC22E5A41000D80736 /* Info.plist */ = {isa = PBXFileReference; lastKnownFileType = text.plist.xml; path = Info.plist; sourceTree = "<group>"; };
		3CAE19D222E5A9A100D80736 /* BilliardsTimeFunc.swift */ = {isa = PBXFileReference; lastKnownFileType = sourcecode.swift; path = BilliardsTimeFunc.swift; sourceTree = "<group>"; };
/* End PBXFileReference section */

/* Begin PBXFrameworksBuildPhase section */
		3C6FD94C22E8335200DA3CAD /* Frameworks */ = {
			isa = PBXFrameworksBuildPhase;
			buildActionMask = 2147483647;
			files = (
			);
			runOnlyForDeploymentPostprocessing = 0;
		};
		3CAE19BA22E5A40E00D80736 /* Frameworks */ = {
			isa = PBXFrameworksBuildPhase;
			buildActionMask = 2147483647;
			files = (
			);
			runOnlyForDeploymentPostprocessing = 0;
		};
/* End PBXFrameworksBuildPhase section */

/* Begin PBXGroup section */
		3C6FD95022E8335200DA3CAD /* BilliardsDemoTests */ = {
			isa = PBXGroup;
			children = (
				3C6FD95122E8335200DA3CAD /* BilliardsDemoTests.swift */,
				3C6FD95322E8335200DA3CAD /* Info.plist */,
			);
			path = BilliardsDemoTests;
			sourceTree = "<group>";
		};
		3CAE19B422E5A40E00D80736 = {
			isa = PBXGroup;
			children = (
				3CAE19BF22E5A40E00D80736 /* BilliardsDemo */,
				3C6FD95022E8335200DA3CAD /* BilliardsDemoTests */,
				3CAE19BE22E5A40E00D80736 /* Products */,
			);
			sourceTree = "<group>";
		};
		3CAE19BE22E5A40E00D80736 /* Products */ = {
			isa = PBXGroup;
			children = (
				3CAE19BD22E5A40E00D80736 /* BilliardsDemo.app */,
				3C6FD94F22E8335200DA3CAD /* BilliardsDemoTests.xctest */,
			);
			name = Products;
			sourceTree = "<group>";
		};
		3CAE19BF22E5A40E00D80736 /* BilliardsDemo */ = {
			isa = PBXGroup;
			children = (
				3CAE19C022E5A40E00D80736 /* AppDelegate.swift */,
				3CAE19C222E5A40E00D80736 /* ViewController.swift */,
				3CAE19C422E5A40E00D80736 /* Main.storyboard */,
				3CAE19C722E5A41000D80736 /* Assets.xcassets */,
				3CAE19C922E5A41000D80736 /* LaunchScreen.storyboard */,
				3CAE19CC22E5A41000D80736 /* Info.plist */,
				3CAE19D222E5A9A100D80736 /* BilliardsTimeFunc.swift */,
				3C018ECE22E70BE2006E22DA /* BilliardsPath.swift */,
			);
			path = BilliardsDemo;
			sourceTree = "<group>";
		};
/* End PBXGroup section */

/* Begin PBXNativeTarget section */
		3C6FD94E22E8335200DA3CAD /* BilliardsDemoTests */ = {
			isa = PBXNativeTarget;
			buildConfigurationList = 3C6FD95622E8335200DA3CAD /* Build configuration list for PBXNativeTarget "BilliardsDemoTests" */;
			buildPhases = (
				3C6FD94B22E8335200DA3CAD /* Sources */,
				3C6FD94C22E8335200DA3CAD /* Frameworks */,
				3C6FD94D22E8335200DA3CAD /* Resources */,
			);
			buildRules = (
			);
			dependencies = (
				3C6FD95522E8335200DA3CAD /* PBXTargetDependency */,
			);
			name = BilliardsDemoTests;
			productName = BilliardsDemoTests;
			productReference = 3C6FD94F22E8335200DA3CAD /* BilliardsDemoTests.xctest */;
			productType = "com.apple.product-type.bundle.unit-test";
		};
		3CAE19BC22E5A40E00D80736 /* BilliardsDemo */ = {
			isa = PBXNativeTarget;
			buildConfigurationList = 3CAE19CF22E5A41000D80736 /* Build configuration list for PBXNativeTarget "BilliardsDemo" */;
			buildPhases = (
				3CAE19B922E5A40E00D80736 /* Sources */,
				3CAE19BA22E5A40E00D80736 /* Frameworks */,
				3CAE19BB22E5A40E00D80736 /* Resources */,
			);
			buildRules = (
			);
			dependencies = (
			);
			name = BilliardsDemo;
			productName = BilliardsDemo;
			productReference = 3CAE19BD22E5A40E00D80736 /* BilliardsDemo.app */;
			productType = "com.apple.product-type.application";
		};
/* End PBXNativeTarget section */

/* Begin PBXProject section */
		3CAE19B522E5A40E00D80736 /* Project object */ = {
			isa = PBXProject;
			attributes = {
				LastSwiftUpdateCheck = 1010;
				LastUpgradeCheck = 1010;
				ORGANIZATIONNAME = nullLuli;
				TargetAttributes = {
					3C6FD94E22E8335200DA3CAD = {
						CreatedOnToolsVersion = 10.1;
						TestTargetID = 3CAE19BC22E5A40E00D80736;
					};
					3CAE19BC22E5A40E00D80736 = {
						CreatedOnToolsVersion = 10.1;
					};
				};
			};
			buildConfigurationList = 3CAE19B822E5A40E00D80736 /* Build configuration list for PBXProject "BilliardsDemo" */;
			compatibilityVersion = "Xcode 9.3";
			developmentRegion = en;
			hasScannedForEncodings = 0;
			knownRegions = (
				en,
				Base,
			);
			mainGroup = 3CAE19B422E5A40E00D80736;
			productRefGroup = 3CAE19BE22E5A40E00D80736 /* Products */;
			projectDirPath = "";
			projectRoot = "";
			targets = (
				3CAE19BC22E5A40E00D80736 /* BilliardsDemo */,
				3C6FD94E22E8335200DA3CAD /* BilliardsDemoTests */,
			);
		};
/* End PBXProject section */

/* Begin PBXResourcesBuildPhase section */
		3C6FD94D22E8335200DA3CAD /* Resources */ = {
			isa = PBXResourcesBuildPhase;
			buildActionMask = 2147483647;
			files = (
			);
			runOnlyForDeploymentPostprocessing = 0;
		};
		3CAE19BB22E5A40E00D80736 /* Resources */ = {
			isa = PBXResourcesBuildPhase;
			buildActionMask = 2147483647;
			files = (
				3CAE19CB22E5A41000D80736 /* LaunchScreen.storyboard in Resources */,
				3CAE19C822E5A41000D80736 /* Assets.xcassets in Resources */,
				3CAE19C622E5A40E00D80736 /* Main.storyboard in Resources */,
			);
			runOnlyForDeploymentPostprocessing = 0;
		};
/* End PBXResourcesBuildPhase section */

/* Begin PBXSourcesBuildPhase section */
		3C6FD94B22E8335200DA3CAD /* Sources */ = {
			isa = PBXSourcesBuildPhase;
			buildActionMask = 2147483647;
			files = (
				3C6FD95222E8335200DA3CAD /* BilliardsDemoTests.swift in Sources */,
			);
			runOnlyForDeploymentPostprocessing = 0;
		};
		3CAE19B922E5A40E00D80736 /* Sources */ = {
			isa = PBXSourcesBuildPhase;
			buildActionMask = 2147483647;
			files = (
				3CAE19C322E5A40E00D80736 /* ViewController.swift in Sources */,
				3C018ECF22E70BE2006E22DA /* BilliardsPath.swift in Sources */,
				3CAE19D322E5A9A100D80736 /* BilliardsTimeFunc.swift in Sources */,
				3CAE19C122E5A40E00D80736 /* AppDelegate.swift in Sources */,
			);
			runOnlyForDeploymentPostprocessing = 0;
		};
/* End PBXSourcesBuildPhase section */

/* Begin PBXTargetDependency section */
		3C6FD95522E8335200DA3CAD /* PBXTargetDependency */ = {
			isa = PBXTargetDependency;
			target = 3CAE19BC22E5A40E00D80736 /* BilliardsDemo */;
			targetProxy = 3C6FD95422E8335200DA3CAD /* PBXContainerItemProxy */;
		};
/* End PBXTargetDependency section */

/* Begin PBXVariantGroup section */
		3CAE19C422E5A40E00D80736 /* Main.storyboard */ = {
			isa = PBXVariantGroup;
			children = (
				3CAE19C522E5A40E00D80736 /* Base */,
			);
			name = Main.storyboard;
			sourceTree = "<group>";
		};
		3CAE19C922E5A41000D80736 /* LaunchScreen.storyboard */ = {
			isa = PBXVariantGroup;
			children = (
				3CAE19CA22E5A41000D80736 /* Base */,
			);
			name = LaunchScreen.storyboard;
			sourceTree = "<group>";
		};
/* End PBXVariantGroup section */

/* Begin XCBuildConfiguration section */
		3C6FD95722E8335200DA3CAD /* Debug */ = {
			isa = XCBuildConfiguration;
			buildSettings = {
				BUNDLE_LOADER = "$(TEST_HOST)";
				CODE_SIGN_STYLE = Automatic;
				DEVELOPMENT_TEAM = W567PZ7SQ2;
				INFOPLIST_FILE = BilliardsDemoTests/Info.plist;
				LD_RUNPATH_SEARCH_PATHS = (
					"$(inherited)",
					"@executable_path/Frameworks",
					"@loader_path/Frameworks",
				);
				PRODUCT_BUNDLE_IDENTIFIER = "www.jianshu.com-u-d471dca73ae9.BilliardsDemoTests";
				PRODUCT_NAME = "$(TARGET_NAME)";
				SWIFT_VERSION = 4.2;
				TARGETED_DEVICE_FAMILY = "1,2";
				TEST_HOST = "$(BUILT_PRODUCTS_DIR)/BilliardsDemo.app/BilliardsDemo";
			};
			name = Debug;
		};
		3C6FD95822E8335200DA3CAD /* Release */ = {
			isa = XCBuildConfiguration;
			buildSettings = {
				BUNDLE_LOADER = "$(TEST_HOST)";
				CODE_SIGN_STYLE = Automatic;
				DEVELOPMENT_TEAM = W567PZ7SQ2;
				INFOPLIST_FILE = BilliardsDemoTests/Info.plist;
				LD_RUNPATH_SEARCH_PATHS = (
					"$(inherited)",
					"@executable_path/Frameworks",
					"@loader_path/Frameworks",
				);
				PRODUCT_BUNDLE_IDENTIFIER = "www.jianshu.com-u-d471dca73ae9.BilliardsDemoTests";
				PRODUCT_NAME = "$(TARGET_NAME)";
				SWIFT_VERSION = 4.2;
				TARGETED_DEVICE_FAMILY = "1,2";
				TEST_HOST = "$(BUILT_PRODUCTS_DIR)/BilliardsDemo.app/BilliardsDemo";
			};
			name = Release;
		};
		3CAE19CD22E5A41000D80736 /* Debug */ = {
			isa = XCBuildConfiguration;
			buildSettings = {
				ALWAYS_SEARCH_USER_PATHS = NO;
				CLANG_ANALYZER_NONNULL = YES;
				CLANG_ANALYZER_NUMBER_OBJECT_CONVERSION = YES_AGGRESSIVE;
				CLANG_CXX_LANGUAGE_STANDARD = "gnu++14";
				CLANG_CXX_LIBRARY = "libc++";
				CLANG_ENABLE_MODULES = YES;
				CLANG_ENABLE_OBJC_ARC = YES;
				CLANG_ENABLE_OBJC_WEAK = YES;
				CLANG_WARN_BLOCK_CAPTURE_AUTORELEASING = YES;
				CLANG_WARN_BOOL_CONVERSION = YES;
				CLANG_WARN_COMMA = YES;
				CLANG_WARN_CONSTANT_CONVERSION = YES;
				CLANG_WARN_DEPRECATED_OBJC_IMPLEMENTATIONS = YES;
				CLANG_WARN_DIRECT_OBJC_ISA_USAGE = YES_ERROR;
				CLANG_WARN_DOCUMENTATION_COMMENTS = YES;
				CLANG_WARN_EMPTY_BODY = YES;
				CLANG_WARN_ENUM_CONVERSION = YES;
				CLANG_WARN_INFINITE_RECURSION = YES;
				CLANG_WARN_INT_CONVERSION = YES;
				CLANG_WARN_NON_LITERAL_NULL_CONVERSION = YES;
				CLANG_WARN_OBJC_IMPLICIT_RETAIN_SELF = YES;
				CLANG_WARN_OBJC_LITERAL_CONVERSION = YES;
				CLANG_WARN_OBJC_ROOT_CLASS = YES_ERROR;
				CLANG_WARN_RANGE_LOOP_ANALYSIS = YES;
				CLANG_WARN_STRICT_PROTOTYPES = YES;
				CLANG_WARN_SUSPICIOUS_MOVE = YES;
				CLANG_WARN_UNGUARDED_AVAILABILITY = YES_AGGRESSIVE;
				CLANG_WARN_UNREACHABLE_CODE = YES;
				CLANG_WARN__DUPLICATE_METHOD_MATCH = YES;
				CODE_SIGN_IDENTITY = "iPhone Developer";
				COPY_PHASE_STRIP = NO;
				DEBUG_INFORMATION_FORMAT = dwarf;
				ENABLE_STRICT_OBJC_MSGSEND = YES;
				ENABLE_TESTABILITY = YES;
				GCC_C_LANGUAGE_STANDARD = gnu11;
				GCC_DYNAMIC_NO_PIC = NO;
				GCC_NO_COMMON_BLOCKS = YES;
				GCC_OPTIMIZATION_LEVEL = 0;
				GCC_PREPROCESSOR_DEFINITIONS = (
					"DEBUG=1",
					"$(inherited)",
				);
				GCC_WARN_64_TO_32_BIT_CONVERSION = YES;
				GCC_WARN_ABOUT_RETURN_TYPE = YES_ERROR;
				GCC_WARN_UNDECLARED_SELECTOR = YES;
				GCC_WARN_UNINITIALIZED_AUTOS = YES_AGGRESSIVE;
				GCC_WARN_UNUSED_FUNCTION = YES;
				GCC_WARN_UNUSED_VARIABLE = YES;
				IPHONEOS_DEPLOYMENT_TARGET = 12.1;
				MTL_ENABLE_DEBUG_INFO = INCLUDE_SOURCE;
				MTL_FAST_MATH = YES;
				ONLY_ACTIVE_ARCH = YES;
				SDKROOT = iphoneos;
				SWIFT_ACTIVE_COMPILATION_CONDITIONS = DEBUG;
				SWIFT_OPTIMIZATION_LEVEL = "-Onone";
			};
			name = Debug;
		};
		3CAE19CE22E5A41000D80736 /* Release */ = {
			isa = XCBuildConfiguration;
			buildSettings = {
				ALWAYS_SEARCH_USER_PATHS = NO;
				CLANG_ANALYZER_NONNULL = YES;
				CLANG_ANALYZER_NUMBER_OBJECT_CONVERSION = YES_AGGRESSIVE;
				CLANG_CXX_LANGUAGE_STANDARD = "gnu++14";
				CLANG_CXX_LIBRARY = "libc++";
				CLANG_ENABLE_MODULES = YES;
				CLANG_ENABLE_OBJC_ARC = YES;
				CLANG_ENABLE_OBJC_WEAK = YES;
				CLANG_WARN_BLOCK_CAPTURE_AUTORELEASING = YES;
				CLANG_WARN_BOOL_CONVERSION = YES;
				CLANG_WARN_COMMA = YES;
				CLANG_WARN_CONSTANT_CONVERSION = YES;
				CLANG_WARN_DEPRECATED_OBJC_IMPLEMENTATIONS = YES;
				CLANG_WARN_DIRECT_OBJC_ISA_USAGE = YES_ERROR;
				CLANG_WARN_DOCUMENTATION_COMMENTS = YES;
				CLANG_WARN_EMPTY_BODY = YES;
				CLANG_WARN_ENUM_CONVERSION = YES;
				CLANG_WARN_INFINITE_RECURSION = YES;
				CLANG_WARN_INT_CONVERSION = YES;
				CLANG_WARN_NON_LITERAL_NULL_CONVERSION = YES;
				CLANG_WARN_OBJC_IMPLICIT_RETAIN_SELF = YES;
				CLANG_WARN_OBJC_LITERAL_CONVERSION = YES;
				CLANG_WARN_OBJC_ROOT_CLASS = YES_ERROR;
				CLANG_WARN_RANGE_LOOP_ANALYSIS = YES;
				CLANG_WARN_STRICT_PROTOTYPES = YES;
				CLANG_WARN_SUSPICIOUS_MOVE = YES;
				CLANG_WARN_UNGUARDED_AVAILABILITY = YES_AGGRESSIVE;
				CLANG_WARN_UNREACHABLE_CODE = YES;
				CLANG_WARN__DUPLICATE_METHOD_MATCH = YES;
				CODE_SIGN_IDENTITY = "iPhone Developer";
				COPY_PHASE_STRIP = NO;
				DEBUG_INFORMATION_FORMAT = "dwarf-with-dsym";
				ENABLE_NS_ASSERTIONS = NO;
				ENABLE_STRICT_OBJC_MSGSEND = YES;
				GCC_C_LANGUAGE_STANDARD = gnu11;
				GCC_NO_COMMON_BLOCKS = YES;
				GCC_WARN_64_TO_32_BIT_CONVERSION = YES;
				GCC_WARN_ABOUT_RETURN_TYPE = YES_ERROR;
				GCC_WARN_UNDECLARED_SELECTOR = YES;
				GCC_WARN_UNINITIALIZED_AUTOS = YES_AGGRESSIVE;
				GCC_WARN_UNUSED_FUNCTION = YES;
				GCC_WARN_UNUSED_VARIABLE = YES;
				IPHONEOS_DEPLOYMENT_TARGET = 12.1;
				MTL_ENABLE_DEBUG_INFO = NO;
				MTL_FAST_MATH = YES;
				SDKROOT = iphoneos;
				SWIFT_COMPILATION_MODE = wholemodule;
				SWIFT_OPTIMIZATION_LEVEL = "-O";
				VALIDATE_PRODUCT = YES;
			};
			name = Release;
		};
		3CAE19D022E5A41000D80736 /* Debug */ = {
			isa = XCBuildConfiguration;
			buildSettings = {
				ASSETCATALOG_COMPILER_APPICON_NAME = AppIcon;
				CODE_SIGN_STYLE = Automatic;
				DEVELOPMENT_TEAM = W567PZ7SQ2;
				INFOPLIST_FILE = BilliardsDemo/Info.plist;
				LD_RUNPATH_SEARCH_PATHS = (
					"$(inherited)",
					"@executable_path/Frameworks",
				);
				PRODUCT_BUNDLE_IDENTIFIER = "www.jianshu.com-u-d471dca73ae9.BilliardsDemo";
				PRODUCT_NAME = "$(TARGET_NAME)";
				SWIFT_VERSION = 4.2;
				TARGETED_DEVICE_FAMILY = "1,2";
			};
			name = Debug;
		};
		3CAE19D122E5A41000D80736 /* Release */ = {
			isa = XCBuildConfiguration;
			buildSettings = {
				ASSETCATALOG_COMPILER_APPICON_NAME = AppIcon;
				CODE_SIGN_STYLE = Automatic;
				DEVELOPMENT_TEAM = W567PZ7SQ2;
				INFOPLIST_FILE = BilliardsDemo/Info.plist;
				LD_RUNPATH_SEARCH_PATHS = (
					"$(inherited)",
					"@executable_path/Frameworks",
				);
				PRODUCT_BUNDLE_IDENTIFIER = "www.jianshu.com-u-d471dca73ae9.BilliardsDemo";
				PRODUCT_NAME = "$(TARGET_NAME)";
				SWIFT_VERSION = 4.2;
				TARGETED_DEVICE_FAMILY = "1,2";
			};
			name = Release;
		};
/* End XCBuildConfiguration section */

/* Begin XCConfigurationList section */
		3C6FD95622E8335200DA3CAD /* Build configuration list for PBXNativeTarget "BilliardsDemoTests" */ = {
			isa = XCConfigurationList;
			buildConfigurations = (
				3C6FD95722E8335200DA3CAD /* Debug */,
				3C6FD95822E8335200DA3CAD /* Release */,
			);
			defaultConfigurationIsVisible = 0;
			defaultConfigurationName = Release;
		};
		3CAE19B822E5A40E00D80736 /* Build configuration list for PBXProject "BilliardsDemo" */ = {
			isa = XCConfigurationList;
			buildConfigurations = (
				3CAE19CD22E5A41000D80736 /* Debug */,
				3CAE19CE22E5A41000D80736 /* Release */,
			);
			defaultConfigurationIsVisible = 0;
			defaultConfigurationName = Release;
		};
		3CAE19CF22E5A41000D80736 /* Build configuration list for PBXNativeTarget "BilliardsDemo" */ = {
			isa = XCConfigurationList;
			buildConfigurations = (
				3CAE19D022E5A41000D80736 /* Debug */,
				3CAE19D122E5A41000D80736 /* Release */,
			);
			defaultConfigurationIsVisible = 0;
			defaultConfigurationName = Release;
		};
/* End XCConfigurationList section */
	};
	rootObject = 3CAE19B522E5A40E00D80736 /* Project object */;
}
